<?xml version="1.0" encoding="utf-8"?>
<Project ToolsVersion="4.0" xmlns="http://schemas.microsoft.com/developer/msbuild/2003">
  <ItemGroup>
    <Filter Include="Source">
      <UniqueIdentifier>{4c93d3ea-8e4c-4a7e-a460-5b59ee5986e7}</UniqueIdentifier>
    </Filter>
    <Filter Include="Source\Core">
      <UniqueIdentifier>{1b41f455-cfeb-4182-8686-47cdc5d0d7bd}</UniqueIdentifier>
    </Filter>
    <Filter Include="Source\Viewer">
      <UniqueIdentifier>{2607ccdf-9668-4dea-9378-6597bf35b84e}</UniqueIdentifier>
    </Filter>
    <Filter Include="Source\Viewer\Windows">
      <UniqueIdentifier>{648595a3-16f6-469a-aa2d-24bd905a943e}</UniqueIdentifier>
    </Filter>
    <Filter Include="Source\Fonts">
      <UniqueIdentifier>{d5379dd3-69f0-4998-b00b-9d36928cea54}</UniqueIdentifier>
    </Filter>
    <Filter Include="Source\Shader">
      <UniqueIdentifier>{18aff063-1eff-4671-be2c-abff25d1fc48}</UniqueIdentifier>
    </Filter>
    <Filter Include="Source\Resource">
      <UniqueIdentifier>{e194e0be-181e-4863-9a3f-b69c6147aa84}</UniqueIdentifier>
    </Filter>
    <Filter Include="Source\Resource\Image">
      <UniqueIdentifier>{692a7478-2356-4e81-9b19-ba23aaeddf70}</UniqueIdentifier>
    </Filter>
  </ItemGroup>
  <ItemGroup>
    <ClCompile Include="main.cpp" />
    <ClCompile Include="..\Source\Core\AppFramework.cpp">
      <Filter>Source\Core</Filter>
    </ClCompile>
    <ClCompile Include="..\Source\Viewer\Viewer.cpp">
      <Filter>Source\Viewer</Filter>
    </ClCompile>
    <ClCompile Include="..\Source\Viewer\Windows\SpriteEditor.cpp">
      <Filter>Source\Viewer\Windows</Filter>
    </ClCompile>
    <ClCompile Include="..\Source\Fonts\MonoLisa.cpp">
      <Filter>Source\Fonts</Filter>
    </ClCompile>
    <ClCompile Include="..\Source\Fonts\SevenSegment.cpp">
      <Filter>Source\Fonts</Filter>
    </ClCompile>
    <ClCompile Include="..\Source\Core\Utils.cpp">
      <Filter>Source\Core</Filter>
    </ClCompile>
    <ClCompile Include="..\Source\Viewer\Windows\ImageList.cpp">
      <Filter>Source\Viewer\Windows</Filter>
    </ClCompile>
    <ClCompile Include="..\Source\Viewer\Windows\Palette.cpp">
      <Filter>Source\Viewer\Windows</Filter>
    </ClCompile>
    <ClCompile Include="..\Source\Viewer\Windows\Sequencer.cpp">
      <Filter>Source\Viewer\Windows</Filter>
    </ClCompile>
    <ClCompile Include="..\Source\Viewer\Windows\FileDialog.cpp">
      <Filter>Source\Viewer\Windows</Filter>
    </ClCompile>
    <ClCompile Include="..\Source\Fonts\Fonts.cpp">
      <Filter>Source\Fonts</Filter>
    </ClCompile>
    <ClCompile Include="..\Source\Core\Delegate.cpp">
      <Filter>Source\Core</Filter>
    </ClCompile>
    <ClCompile Include="..\Source\Core\Image.cpp">
      <Filter>Source\Core</Filter>
    </ClCompile>
    <ClCompile Include="..\Source\Fonts\ZX-Spectrum.cpp">
      <Filter>Source\Fonts</Filter>
    </ClCompile>
    <ClCompile Include="..\Source\Viewer\ViewChild.cpp">
      <Filter>Source\Viewer</Filter>
    </ClCompile>
    <ClCompile Include="..\Source\Viewer\Windows\Property.cpp">
      <Filter>Source\Viewer\Windows</Filter>
    </ClCompile>
    <ClCompile Include="..\Source\Viewer\Windows\SpriteConstructor.cpp">
      <Filter>Source\Viewer\Windows</Filter>
    </ClCompile>
    <ClCompile Include="..\Source\Viewer\Windows\Tools.cpp">
      <Filter>Source\Viewer\Windows</Filter>
    </ClCompile>
    <ClCompile Include="..\Source\Core\Sprite.cpp">
      <Filter>Source\Core</Filter>
    </ClCompile>
  </ItemGroup>
  <ItemGroup>
    <ClInclude Include="..\Source\Core\AppFramework.h">
      <Filter>Source\Core</Filter>
    </ClInclude>
    <ClInclude Include="..\Source\Viewer\Viewer.h">
      <Filter>Source\Viewer</Filter>
    </ClInclude>
    <ClInclude Include="..\Source\Core\Window.h">
      <Filter>Source\Core</Filter>
    </ClInclude>
    <ClInclude Include="..\Source\Viewer\Windows\SpriteEditor.h">
      <Filter>Source\Viewer\Windows</Filter>
    </ClInclude>
    <ClInclude Include="..\Source\Core\Utils.h">
      <Filter>Source\Core</Filter>
    </ClInclude>
    <ClInclude Include="..\Source\Viewer\Windows\ImageList.h">
      <Filter>Source\Viewer\Windows</Filter>
    </ClInclude>
    <ClInclude Include="..\Source\Viewer\Windows\Palette.h">
      <Filter>Source\Viewer\Windows</Filter>
    </ClInclude>
    <ClInclude Include="..\Source\Viewer\Windows\Sequencer.h">
      <Filter>Source\Viewer\Windows</Filter>
    </ClInclude>
    <ClInclude Include="..\Source\Viewer\Windows\FileDialog.h">
      <Filter>Source\Viewer\Windows</Filter>
    </ClInclude>
    <ClInclude Include="..\Source\Fonts\Fonts.h">
      <Filter>Source\Fonts</Filter>
    </ClInclude>
    <ClInclude Include="..\Source\Core\Delegates.h">
      <Filter>Source\Core</Filter>
    </ClInclude>
    <ClInclude Include="..\Source\Core\Image.h">
      <Filter>Source\Core</Filter>
    </ClInclude>
    <ClInclude Include="..\Source\Core\CoreMinimal.h">
      <Filter>Source\Core</Filter>
    </ClInclude>
    <ClInclude Include="..\Source\Core\Math_.h">
      <Filter>Source\Core</Filter>
    </ClInclude>
    <ClInclude Include="..\Source\Core\Transform.h">
      <Filter>Source\Core</Filter>
    </ClInclude>
    <ClInclude Include="..\Source\Viewer\ViewChild.h">
      <Filter>Source\Viewer</Filter>
    </ClInclude>
    <ClInclude Include="..\Source\Viewer\Windows\Property.h">
      <Filter>Source\Viewer\Windows</Filter>
    </ClInclude>
    <ClInclude Include="..\Source\Viewer\Windows\SpriteConstructor.h">
      <Filter>Source\Viewer\Windows</Filter>
    </ClInclude>
    <ClInclude Include="..\Source\Viewer\Windows\Tools.h">
      <Filter>Source\Viewer\Windows</Filter>
    </ClInclude>
    <ClInclude Include="Resource.h">
      <Filter>Source\Resource</Filter>
    </ClInclude>
    <ClInclude Include="..\Source\Core\Sprite.h">
      <Filter>Source\Core</Filter>
    </ClInclude>
    <ClInclude Include="..\Source\Core\Log.h">
      <Filter>Source\Core</Filter>
    </ClInclude>
  </ItemGroup>
  <ItemGroup>
    <Image Include="Icone.ico">
      <Filter>Source\Resource</Filter>
    </Image>
    <Image Include="IconeWindow.ico">
      <Filter>Source\Resource</Filter>
    </Image>
    <Image Include="..\Resource\Icons\eraser.png">
      <Filter>Source\Resource\Image</Filter>
    </Image>
    <Image Include="..\Resource\Icons\first frame.png">
      <Filter>Source\Resource\Image</Filter>
    </Image>
    <Image Include="..\Resource\Icons\hand.png">
      <Filter>Source\Resource\Image</Filter>
    </Image>
    <Image Include="..\Resource\Icons\Indexed mode.png">
      <Filter>Source\Resource\Image</Filter>
    </Image>
    <Image Include="..\Resource\Icons\last frame.png">
      <Filter>Source\Resource\Image</Filter>
    </Image>
    <Image Include="..\Resource\Icons\layer_empty.png">
      <Filter>Source\Resource\Image</Filter>
    </Image>
    <Image Include="..\Resource\Icons\layer_fill.png">
      <Filter>Source\Resource\Image</Filter>
    </Image>
    <Image Include="..\Resource\Icons\lock.png">
      <Filter>Source\Resource\Image</Filter>
    </Image>
    <Image Include="..\Resource\Icons\marquee.png">
      <Filter>Source\Resource\Image</Filter>
    </Image>
    <Image Include="..\Resource\Icons\move.png">
      <Filter>Source\Resource\Image</Filter>
    </Image>
    <Image Include="..\Resource\Icons\next frame.png">
      <Filter>Source\Resource\Image</Filter>
    </Image>
    <Image Include="..\Resource\Icons\pan.png">
      <Filter>Source\Resource\Image</Filter>
    </Image>
    <Image Include="..\Resource\Icons\play.png">
      <Filter>Source\Resource\Image</Filter>
    </Image>
    <Image Include="..\Resource\Icons\previoes frame.png">
      <Filter>Source\Resource\Image</Filter>
    </Image>
    <Image Include="..\Resource\Icons\RGBA mode.png">
      <Filter>Source\Resource\Image</Filter>
    </Image>
    <Image Include="..\Resource\Icons\template grid.png">
      <Filter>Source\Resource\Image</Filter>
    </Image>
    <Image Include="..\Resource\Icons\unlock.png">
      <Filter>Source\Resource\Image</Filter>
    </Image>
    <Image Include="..\Resource\Icons\visible disable.png">
      <Filter>Source\Resource\Image</Filter>
    </Image>
    <Image Include="..\Resource\Icons\visible enable.png">
      <Filter>Source\Resource\Image</Filter>
    </Image>
    <Image Include="..\Resource\Icons\zx mode.png">
      <Filter>Source\Resource\Image</Filter>
    </Image>
  </ItemGroup>
  <ItemGroup>
    <None Include="..\Source\Shader\LineMarchingAnts.hlsl">
      <Filter>Source\Shader</Filter>
    </None>
    <None Include="..\Source\Shader\Grid.hlsl">
      <Filter>Source\Shader</Filter>
    </None>
  </ItemGroup>
  <ItemGroup>
    <ResourceCompile Include="ZX-Convert.rc">
      <Filter>Source\Resource</Filter>
    </ResourceCompile>
  </ItemGroup>
</Project>